
Microsoft Visual Studio Solution File, Format Version 12.00
# Visual Studio Version 17
VisualStudioVersion = 17.9.34723.18
MinimumVisualStudioVersion = 10.0.40219.1
Project("{FAE04EC0-301F-11D3-BF4B-00C04F79EFBC}") = "flooddetection", "flooddetection.csproj", "{11143C55-4E45-423F-8A59-7A737B0C74EE}"
EndProject
Project("{FAE04EC0-301F-11D3-BF4B-00C04F79EFBC}") = "flooddetectionTest", "..\flooddetectionTest\flooddetectionTest.csproj", "{048A1668-A121-4CAA-9C1F-AB485386F2E0}"
EndProject
Global
	GlobalSection(SolutionConfigurationPlatforms) = preSolution
		Debug|Any CPU = Debug|Any CPU
		Release|Any CPU = Release|Any CPU
	EndGlobalSection
	GlobalSection(ProjectConfigurationPlatforms) = postSolution
		{11143C55-4E45-423F-8A59-7A737B0C74EE}.Debug|Any CPU.ActiveCfg = Debug|Any CPU
		{11143C55-4E45-423F-8A59-7A737B0C74EE}.Debug|Any CPU.Build.0 = Debug|Any CPU
		{11143C55-4E45-423F-8A59-7A737B0C74EE}.Release|Any CPU.ActiveCfg = Release|Any CPU
		{11143C55-4E45-423F-8A59-7A737B0C74EE}.Release|Any CPU.Build.0 = Release|Any CPU
		{048A1668-A121-4CAA-9C1F-AB485386F2E0}.Debug|Any CPU.ActiveCfg = Debug|Any CPU
		{048A1668-A121-4CAA-9C1F-AB485386F2E0}.Debug|Any CPU.Build.0 = Debug|Any CPU
		{048A1668-A121-4CAA-9C1F-AB485386F2E0}.Release|Any CPU.ActiveCfg = Release|Any CPU
		{048A1668-A121-4CAA-9C1F-AB485386F2E0}.Release|Any CPU.Build.0 = Release|Any CPU
	EndGlobalSection
	GlobalSection(SolutionProperties) = preSolution
		HideSolutionNode = FALSE
	EndGlobalSection
	GlobalSection(ExtensibilityGlobals) = postSolution
		SolutionGuid = {A08BD461-22E7-44C6-BD02-8E47695A0E80}
	EndGlobalSection
EndGlobal
